
Microsoft Visual Studio Solution File, Format Version 12.00
# Visual Studio Version 17
VisualStudioVersion = 17.13.35806.99
MinimumVisualStudioVersion = 10.0.40219.1
Project("{2150E333-8FDC-42A3-9474-1A3956D46DE8}") = "src", "src", "{02EA681E-C7D8-13C7-8484-4AC65E1B71E8}"
	ProjectSection(SolutionItems) = preProject
		.gitignore = .gitignore
	EndProjectSection
EndProject
Project("{2150E333-8FDC-42A3-9474-1A3956D46DE8}") = "Infraestructure", "Infraestructure", "{CA77C668-CECD-444A-A919-EB943C778D55}"
EndProject
Project("{2150E333-8FDC-42A3-9474-1A3956D46DE8}") = "Presentation", "Presentation", "{2E44ED6F-C9A3-459F-AF5D-B8B7F7404E83}"
EndProject
Project("{2150E333-8FDC-42A3-9474-1A3956D46DE8}") = "Core", "Core", "{1CC949D2-2137-44D1-BD47-F8D18BBCCEB6}"
EndProject
Project("{FAE04EC0-301F-11D3-BF4B-00C04F79EFBC}") = "Application", "Application\Application.csproj", "{1A6C4DA2-6913-48C2-9B7C-F4D03B693FCA}"
EndProject
Project("{FAE04EC0-301F-11D3-BF4B-00C04F79EFBC}") = "Domain", "Domain\Domain.csproj", "{F28EF7E0-9829-4126-9653-119C7C1CD732}"
EndProject
Project("{FAE04EC0-301F-11D3-BF4B-00C04F79EFBC}") = "Persistence", "Persistence\Persistence.csproj", "{9A89162F-866E-42A5-A30D-A0AFF2E008EC}"
EndProject
Project("{FAE04EC0-301F-11D3-BF4B-00C04F79EFBC}") = "Shared", "Shared\Shared.csproj", "{7A88D96C-3400-4D9A-B1F2-355F336EA1A7}"
EndProject
Project("{FAE04EC0-301F-11D3-BF4B-00C04F79EFBC}") = "WebAPI", "WebAPI\WebAPI.csproj", "{501FEBE6-8D97-4C08-AFB1-BD652E6E41F4}"
EndProject
Project("{FAE04EC0-301F-11D3-BF4B-00C04F79EFBC}") = "Identity", "Identity\Identity.csproj", "{2E17262C-A9C0-4FFE-ACCA-0D1E6A3C86FB}"
EndProject
Project("{2150E333-8FDC-42A3-9474-1A3956D46DE8}") = "Solution Items", "Solution Items", "{A4E9FF1D-83C2-40FB-947E-2F6803F5455D}"
	ProjectSection(SolutionItems) = preProject
		.editorconfig = .editorconfig
	EndProjectSection
EndProject
Global
	GlobalSection(SolutionConfigurationPlatforms) = preSolution
		Debug|Any CPU = Debug|Any CPU
		Release|Any CPU = Release|Any CPU
	EndGlobalSection
	GlobalSection(ProjectConfigurationPlatforms) = postSolution
		{1A6C4DA2-6913-48C2-9B7C-F4D03B693FCA}.Debug|Any CPU.ActiveCfg = Debug|Any CPU
		{1A6C4DA2-6913-48C2-9B7C-F4D03B693FCA}.Debug|Any CPU.Build.0 = Debug|Any CPU
		{1A6C4DA2-6913-48C2-9B7C-F4D03B693FCA}.Release|Any CPU.ActiveCfg = Release|Any CPU
		{1A6C4DA2-6913-48C2-9B7C-F4D03B693FCA}.Release|Any CPU.Build.0 = Release|Any CPU
		{F28EF7E0-9829-4126-9653-119C7C1CD732}.Debug|Any CPU.ActiveCfg = Debug|Any CPU
		{F28EF7E0-9829-4126-9653-119C7C1CD732}.Debug|Any CPU.Build.0 = Debug|Any CPU
		{F28EF7E0-9829-4126-9653-119C7C1CD732}.Release|Any CPU.ActiveCfg = Release|Any CPU
		{F28EF7E0-9829-4126-9653-119C7C1CD732}.Release|Any CPU.Build.0 = Release|Any CPU
		{9A89162F-866E-42A5-A30D-A0AFF2E008EC}.Debug|Any CPU.ActiveCfg = Debug|Any CPU
		{9A89162F-866E-42A5-A30D-A0AFF2E008EC}.Debug|Any CPU.Build.0 = Debug|Any CPU
		{9A89162F-866E-42A5-A30D-A0AFF2E008EC}.Release|Any CPU.ActiveCfg = Release|Any CPU
		{9A89162F-866E-42A5-A30D-A0AFF2E008EC}.Release|Any CPU.Build.0 = Release|Any CPU
		{7A88D96C-3400-4D9A-B1F2-355F336EA1A7}.Debug|Any CPU.ActiveCfg = Debug|Any CPU
		{7A88D96C-3400-4D9A-B1F2-355F336EA1A7}.Debug|Any CPU.Build.0 = Debug|Any CPU
		{7A88D96C-3400-4D9A-B1F2-355F336EA1A7}.Release|Any CPU.ActiveCfg = Release|Any CPU
		{7A88D96C-3400-4D9A-B1F2-355F336EA1A7}.Release|Any CPU.Build.0 = Release|Any CPU
		{501FEBE6-8D97-4C08-AFB1-BD652E6E41F4}.Debug|Any CPU.ActiveCfg = Debug|Any CPU
		{501FEBE6-8D97-4C08-AFB1-BD652E6E41F4}.Debug|Any CPU.Build.0 = Debug|Any CPU
		{501FEBE6-8D97-4C08-AFB1-BD652E6E41F4}.Release|Any CPU.ActiveCfg = Release|Any CPU
		{501FEBE6-8D97-4C08-AFB1-BD652E6E41F4}.Release|Any CPU.Build.0 = Release|Any CPU
		{2E17262C-A9C0-4FFE-ACCA-0D1E6A3C86FB}.Debug|Any CPU.ActiveCfg = Debug|Any CPU
		{2E17262C-A9C0-4FFE-ACCA-0D1E6A3C86FB}.Debug|Any CPU.Build.0 = Debug|Any CPU
		{2E17262C-A9C0-4FFE-ACCA-0D1E6A3C86FB}.Release|Any CPU.ActiveCfg = Release|Any CPU
		{2E17262C-A9C0-4FFE-ACCA-0D1E6A3C86FB}.Release|Any CPU.Build.0 = Release|Any CPU
	EndGlobalSection
	GlobalSection(SolutionProperties) = preSolution
		HideSolutionNode = FALSE
	EndGlobalSection
	GlobalSection(NestedProjects) = preSolution
		{CA77C668-CECD-444A-A919-EB943C778D55} = {02EA681E-C7D8-13C7-8484-4AC65E1B71E8}
		{2E44ED6F-C9A3-459F-AF5D-B8B7F7404E83} = {02EA681E-C7D8-13C7-8484-4AC65E1B71E8}
		{1CC949D2-2137-44D1-BD47-F8D18BBCCEB6} = {02EA681E-C7D8-13C7-8484-4AC65E1B71E8}
		{1A6C4DA2-6913-48C2-9B7C-F4D03B693FCA} = {1CC949D2-2137-44D1-BD47-F8D18BBCCEB6}
		{F28EF7E0-9829-4126-9653-119C7C1CD732} = {1CC949D2-2137-44D1-BD47-F8D18BBCCEB6}
		{9A89162F-866E-42A5-A30D-A0AFF2E008EC} = {CA77C668-CECD-444A-A919-EB943C778D55}
		{7A88D96C-3400-4D9A-B1F2-355F336EA1A7} = {CA77C668-CECD-444A-A919-EB943C778D55}
		{501FEBE6-8D97-4C08-AFB1-BD652E6E41F4} = {2E44ED6F-C9A3-459F-AF5D-B8B7F7404E83}
		{2E17262C-A9C0-4FFE-ACCA-0D1E6A3C86FB} = {CA77C668-CECD-444A-A919-EB943C778D55}
	EndGlobalSection
	GlobalSection(ExtensibilityGlobals) = postSolution
		SolutionGuid = {2723877E-A2A0-4A73-9F75-E9C53C4E499F}
	EndGlobalSection
EndGlobal
